// !$*UTF8*$!
{
	archiveVersion = 1;
	classes = {
	};
	objectVersion = 51;
	objects = {

/* Begin PBXBuildFile section */
		15503AE123C5F1EA00F6E27A /* AppDelegate.swift in Sources */ = {isa = PBXBuildFile; fileRef = 15503AE023C5F1EA00F6E27A /* AppDelegate.swift */; };
		15503AE323C5F1EA00F6E27A /* SceneDelegate.swift in Sources */ = {isa = PBXBuildFile; fileRef = 15503AE223C5F1EA00F6E27A /* SceneDelegate.swift */; };
		15503AE723C5F1EC00F6E27A /* Assets.xcassets in Resources */ = {isa = PBXBuildFile; fileRef = 15503AE623C5F1EC00F6E27A /* Assets.xcassets */; };
		15503AEA23C5F1EC00F6E27A /* Preview Assets.xcassets in Resources */ = {isa = PBXBuildFile; fileRef = 15503AE923C5F1EC00F6E27A /* Preview Assets.xcassets */; };
		15503AED23C5F1EC00F6E27A /* LaunchScreen.storyboard in Resources */ = {isa = PBXBuildFile; fileRef = 15503AEB23C5F1EC00F6E27A /* LaunchScreen.storyboard */; };
		15503AF823C5F1EC00F6E27A /* JHBSwiftTests.swift in Sources */ = {isa = PBXBuildFile; fileRef = 15503AF723C5F1EC00F6E27A /* JHBSwiftTests.swift */; };
		15503B0323C5F1EC00F6E27A /* JHBSwiftUITests.swift in Sources */ = {isa = PBXBuildFile; fileRef = 15503B0223C5F1EC00F6E27A /* JHBSwiftUITests.swift */; };
		15503B1223C5FA2400F6E27A /* JHBTabBarViewController.swift in Sources */ = {isa = PBXBuildFile; fileRef = 15503B1123C5FA2400F6E27A /* JHBTabBarViewController.swift */; };
		15503B5823C8256300F6E27A /* JHBHomeViewController.swift in Sources */ = {isa = PBXBuildFile; fileRef = 15503B5723C8256200F6E27A /* JHBHomeViewController.swift */; };
		15503B5B23C8259500F6E27A /* JHBBaseViewController.swift in Sources */ = {isa = PBXBuildFile; fileRef = 15503B5A23C8259500F6E27A /* JHBBaseViewController.swift */; };
		15503B6023C8261300F6E27A /* JHBMessageViewController.swift in Sources */ = {isa = PBXBuildFile; fileRef = 15503B5F23C8261300F6E27A /* JHBMessageViewController.swift */; };
		15503B6223C8262700F6E27A /* JHBCityViewController.swift in Sources */ = {isa = PBXBuildFile; fileRef = 15503B6123C8262700F6E27A /* JHBCityViewController.swift */; };
		15503B6423C8263500F6E27A /* JHBMineViewController.swift in Sources */ = {isa = PBXBuildFile; fileRef = 15503B6323C8263500F6E27A /* JHBMineViewController.swift */; };
		15503B6623C8267A00F6E27A /* JHBNavgationViewController.swift in Sources */ = {isa = PBXBuildFile; fileRef = 15503B6523C8267A00F6E27A /* JHBNavgationViewController.swift */; };
		15503B6B23C8545600F6E27A /* NSObject-ClassFromStr.swift in Sources */ = {isa = PBXBuildFile; fileRef = 15503B6A23C8545600F6E27A /* NSObject-ClassFromStr.swift */; };
		15503B6D23C859D600F6E27A /* TabBarItemConfig.plist in Resources */ = {isa = PBXBuildFile; fileRef = 15503B6C23C859D500F6E27A /* TabBarItemConfig.plist */; };
		15503B7223C85B9C00F6E27A /* JHBNavView.swift in Sources */ = {isa = PBXBuildFile; fileRef = 15503B7123C85B9C00F6E27A /* JHBNavView.swift */; };
		1557D59F2455AA0700139171 /* JHBNavTitleBar.swift in Sources */ = {isa = PBXBuildFile; fileRef = 1557D59E2455AA0700139171 /* JHBNavTitleBar.swift */; };
		1557D5C92456F95B00139171 /* UIFont-Extension.swift in Sources */ = {isa = PBXBuildFile; fileRef = 1557D5C82456F95B00139171 /* UIFont-Extension.swift */; };
		1557D5CB2457D48100139171 /* UIView-JHBSafeAreaInsets.swift in Sources */ = {isa = PBXBuildFile; fileRef = 1557D5CA2457D48100139171 /* UIView-JHBSafeAreaInsets.swift */; };
		1557D5CD245807EF00139171 /* UIViewController-JHBNav.swift in Sources */ = {isa = PBXBuildFile; fileRef = 1557D5CC245807EF00139171 /* UIViewController-JHBNav.swift */; };
		157E145B244DC04B007B43FF /* GlobalDefine.swift in Sources */ = {isa = PBXBuildFile; fileRef = 157E145A244DC04B007B43FF /* GlobalDefine.swift */; };
		EDC74E3D9794BA08B00A0E1C /* Pods_JHBSwift.framework in Frameworks */ = {isa = PBXBuildFile; fileRef = 9D9506CC4F4BA6B1E793BFC0 /* Pods_JHBSwift.framework */; };
/* End PBXBuildFile section */

/* Begin PBXContainerItemProxy section */
		15503AF423C5F1EC00F6E27A /* PBXContainerItemProxy */ = {
			isa = PBXContainerItemProxy;
			containerPortal = 15503AD523C5F1EA00F6E27A /* Project object */;
			proxyType = 1;
			remoteGlobalIDString = 15503ADC23C5F1EA00F6E27A;
			remoteInfo = JHBSwift;
		};
		15503AFF23C5F1EC00F6E27A /* PBXContainerItemProxy */ = {
			isa = PBXContainerItemProxy;
			containerPortal = 15503AD523C5F1EA00F6E27A /* Project object */;
			proxyType = 1;
			remoteGlobalIDString = 15503ADC23C5F1EA00F6E27A;
			remoteInfo = JHBSwift;
		};
/* End PBXContainerItemProxy section */

/* Begin PBXFileReference section */
		15503ADD23C5F1EA00F6E27A /* JHBSwift.app */ = {isa = PBXFileReference; explicitFileType = wrapper.application; includeInIndex = 0; path = JHBSwift.app; sourceTree = BUILT_PRODUCTS_DIR; };
		15503AE023C5F1EA00F6E27A /* AppDelegate.swift */ = {isa = PBXFileReference; lastKnownFileType = sourcecode.swift; path = AppDelegate.swift; sourceTree = "<group>"; };
		15503AE223C5F1EA00F6E27A /* SceneDelegate.swift */ = {isa = PBXFileReference; lastKnownFileType = sourcecode.swift; path = SceneDelegate.swift; sourceTree = "<group>"; };
		15503AE623C5F1EC00F6E27A /* Assets.xcassets */ = {isa = PBXFileReference; lastKnownFileType = folder.assetcatalog; path = Assets.xcassets; sourceTree = "<group>"; };
		15503AE923C5F1EC00F6E27A /* Preview Assets.xcassets */ = {isa = PBXFileReference; lastKnownFileType = folder.assetcatalog; path = "Preview Assets.xcassets"; sourceTree = "<group>"; };
		15503AEC23C5F1EC00F6E27A /* Base */ = {isa = PBXFileReference; lastKnownFileType = file.storyboard; name = Base; path = Base.lproj/LaunchScreen.storyboard; sourceTree = "<group>"; };
		15503AEE23C5F1EC00F6E27A /* Info.plist */ = {isa = PBXFileReference; lastKnownFileType = text.plist.xml; path = Info.plist; sourceTree = "<group>"; };
		15503AF323C5F1EC00F6E27A /* JHBSwiftTests.xctest */ = {isa = PBXFileReference; explicitFileType = wrapper.cfbundle; includeInIndex = 0; path = JHBSwiftTests.xctest; sourceTree = BUILT_PRODUCTS_DIR; };
		15503AF723C5F1EC00F6E27A /* JHBSwiftTests.swift */ = {isa = PBXFileReference; lastKnownFileType = sourcecode.swift; path = JHBSwiftTests.swift; sourceTree = "<group>"; };
		15503AF923C5F1EC00F6E27A /* Info.plist */ = {isa = PBXFileReference; lastKnownFileType = text.plist.xml; path = Info.plist; sourceTree = "<group>"; };
		15503AFE23C5F1EC00F6E27A /* JHBSwiftUITests.xctest */ = {isa = PBXFileReference; explicitFileType = wrapper.cfbundle; includeInIndex = 0; path = JHBSwiftUITests.xctest; sourceTree = BUILT_PRODUCTS_DIR; };
		15503B0223C5F1EC00F6E27A /* JHBSwiftUITests.swift */ = {isa = PBXFileReference; lastKnownFileType = sourcecode.swift; path = JHBSwiftUITests.swift; sourceTree = "<group>"; };
		15503B0423C5F1EC00F6E27A /* Info.plist */ = {isa = PBXFileReference; lastKnownFileType = text.plist.xml; path = Info.plist; sourceTree = "<group>"; };
		15503B1123C5FA2400F6E27A /* JHBTabBarViewController.swift */ = {isa = PBXFileReference; lastKnownFileType = sourcecode.swift; path = JHBTabBarViewController.swift; sourceTree = "<group>"; };
		15503B5723C8256200F6E27A /* JHBHomeViewController.swift */ = {isa = PBXFileReference; lastKnownFileType = sourcecode.swift; path = JHBHomeViewController.swift; sourceTree = "<group>"; };
		15503B5A23C8259500F6E27A /* JHBBaseViewController.swift */ = {isa = PBXFileReference; lastKnownFileType = sourcecode.swift; path = JHBBaseViewController.swift; sourceTree = "<group>"; };
		15503B5F23C8261300F6E27A /* JHBMessageViewController.swift */ = {isa = PBXFileReference; lastKnownFileType = sourcecode.swift; path = JHBMessageViewController.swift; sourceTree = "<group>"; };
		15503B6123C8262700F6E27A /* JHBCityViewController.swift */ = {isa = PBXFileReference; lastKnownFileType = sourcecode.swift; path = JHBCityViewController.swift; sourceTree = "<group>"; };
		15503B6323C8263500F6E27A /* JHBMineViewController.swift */ = {isa = PBXFileReference; lastKnownFileType = sourcecode.swift; path = JHBMineViewController.swift; sourceTree = "<group>"; };
		15503B6523C8267A00F6E27A /* JHBNavgationViewController.swift */ = {isa = PBXFileReference; lastKnownFileType = sourcecode.swift; path = JHBNavgationViewController.swift; sourceTree = "<group>"; };
		15503B6A23C8545600F6E27A /* NSObject-ClassFromStr.swift */ = {isa = PBXFileReference; lastKnownFileType = sourcecode.swift; path = "NSObject-ClassFromStr.swift"; sourceTree = "<group>"; };
		15503B6C23C859D500F6E27A /* TabBarItemConfig.plist */ = {isa = PBXFileReference; fileEncoding = 4; lastKnownFileType = text.plist.xml; path = TabBarItemConfig.plist; sourceTree = "<group>"; };
		15503B7123C85B9C00F6E27A /* JHBNavView.swift */ = {isa = PBXFileReference; lastKnownFileType = sourcecode.swift; path = JHBNavView.swift; sourceTree = "<group>"; };
		1557D59E2455AA0700139171 /* JHBNavTitleBar.swift */ = {isa = PBXFileReference; lastKnownFileType = sourcecode.swift; path = JHBNavTitleBar.swift; sourceTree = "<group>"; };
		1557D5C82456F95B00139171 /* UIFont-Extension.swift */ = {isa = PBXFileReference; lastKnownFileType = sourcecode.swift; path = "UIFont-Extension.swift"; sourceTree = "<group>"; };
		1557D5CA2457D48100139171 /* UIView-JHBSafeAreaInsets.swift */ = {isa = PBXFileReference; lastKnownFileType = sourcecode.swift; path = "UIView-JHBSafeAreaInsets.swift"; sourceTree = "<group>"; };
		1557D5CC245807EF00139171 /* UIViewController-JHBNav.swift */ = {isa = PBXFileReference; lastKnownFileType = sourcecode.swift; path = "UIViewController-JHBNav.swift"; sourceTree = "<group>"; };
		157E145A244DC04B007B43FF /* GlobalDefine.swift */ = {isa = PBXFileReference; lastKnownFileType = sourcecode.swift; path = GlobalDefine.swift; sourceTree = "<group>"; };
		514928F47763FC825A2BD8C9 /* Pods-JHBSwift.release.xcconfig */ = {isa = PBXFileReference; includeInIndex = 1; lastKnownFileType = text.xcconfig; name = "Pods-JHBSwift.release.xcconfig"; path = "Target Support Files/Pods-JHBSwift/Pods-JHBSwift.release.xcconfig"; sourceTree = "<group>"; };
		78DD299C319D5809C8DA8DB6 /* Pods-JHBSwift.debug.xcconfig */ = {isa = PBXFileReference; includeInIndex = 1; lastKnownFileType = text.xcconfig; name = "Pods-JHBSwift.debug.xcconfig"; path = "Target Support Files/Pods-JHBSwift/Pods-JHBSwift.debug.xcconfig"; sourceTree = "<group>"; };
		9D9506CC4F4BA6B1E793BFC0 /* Pods_JHBSwift.framework */ = {isa = PBXFileReference; explicitFileType = wrapper.framework; includeInIndex = 0; path = Pods_JHBSwift.framework; sourceTree = BUILT_PRODUCTS_DIR; };
/* End PBXFileReference section */

/* Begin PBXFrameworksBuildPhase section */
		15503ADA23C5F1EA00F6E27A /* Frameworks */ = {
			isa = PBXFrameworksBuildPhase;
			buildActionMask = 2147483647;
			files = (
				EDC74E3D9794BA08B00A0E1C /* Pods_JHBSwift.framework in Frameworks */,
			);
			runOnlyForDeploymentPostprocessing = 0;
		};
		15503AF023C5F1EC00F6E27A /* Frameworks */ = {
			isa = PBXFrameworksBuildPhase;
			buildActionMask = 2147483647;
			files = (
			);
			runOnlyForDeploymentPostprocessing = 0;
		};
		15503AFB23C5F1EC00F6E27A /* Frameworks */ = {
			isa = PBXFrameworksBuildPhase;
			buildActionMask = 2147483647;
			files = (
			);
			runOnlyForDeploymentPostprocessing = 0;
		};
/* End PBXFrameworksBuildPhase section */

/* Begin PBXGroup section */
		15503AD423C5F1EA00F6E27A = {
			isa = PBXGroup;
			children = (
				15503ADF23C5F1EA00F6E27A /* JHBSwift */,
				15503AF623C5F1EC00F6E27A /* JHBSwiftTests */,
				15503B0123C5F1EC00F6E27A /* JHBSwiftUITests */,
				15503ADE23C5F1EA00F6E27A /* Products */,
				C2AF34C48CFB2663D337807B /* Pods */,
				A237C515CCC40C2C83FA23DA /* Frameworks */,
			);
			sourceTree = "<group>";
		};
		15503ADE23C5F1EA00F6E27A /* Products */ = {
			isa = PBXGroup;
			children = (
				15503ADD23C5F1EA00F6E27A /* JHBSwift.app */,
				15503AF323C5F1EC00F6E27A /* JHBSwiftTests.xctest */,
				15503AFE23C5F1EC00F6E27A /* JHBSwiftUITests.xctest */,
			);
			name = Products;
			sourceTree = "<group>";
		};
		15503ADF23C5F1EA00F6E27A /* JHBSwift */ = {
			isa = PBXGroup;
			children = (
				1557D59C2455A99400139171 /* CommonUI */,
				157E1457244DBFE0007B43FF /* Public */,
				15503B6E23C85AF800F6E27A /* UtilsView */,
				15503B6723C8536200F6E27A /* Extensions */,
				15503B5E23C825F900F6E27A /* Mine */,
				15503B5D23C825F100F6E27A /* City */,
				15503B5C23C825E500F6E27A /* Message */,
				15503B5923C8256900F6E27A /* BaseClass */,
				15503B5623C8251500F6E27A /* Home */,
				15503B1023C5F93D00F6E27A /* Main */,
				15503AE023C5F1EA00F6E27A /* AppDelegate.swift */,
				15503AE223C5F1EA00F6E27A /* SceneDelegate.swift */,
				15503AE623C5F1EC00F6E27A /* Assets.xcassets */,
				15503AEB23C5F1EC00F6E27A /* LaunchScreen.storyboard */,
				15503AEE23C5F1EC00F6E27A /* Info.plist */,
				15503AE823C5F1EC00F6E27A /* Preview Content */,
			);
			path = JHBSwift;
			sourceTree = "<group>";
		};
		15503AE823C5F1EC00F6E27A /* Preview Content */ = {
			isa = PBXGroup;
			children = (
				15503AE923C5F1EC00F6E27A /* Preview Assets.xcassets */,
			);
			path = "Preview Content";
			sourceTree = "<group>";
		};
		15503AF623C5F1EC00F6E27A /* JHBSwiftTests */ = {
			isa = PBXGroup;
			children = (
				15503AF723C5F1EC00F6E27A /* JHBSwiftTests.swift */,
				15503AF923C5F1EC00F6E27A /* Info.plist */,
			);
			path = JHBSwiftTests;
			sourceTree = "<group>";
		};
		15503B0123C5F1EC00F6E27A /* JHBSwiftUITests */ = {
			isa = PBXGroup;
			children = (
				15503B0223C5F1EC00F6E27A /* JHBSwiftUITests.swift */,
				15503B0423C5F1EC00F6E27A /* Info.plist */,
			);
			path = JHBSwiftUITests;
			sourceTree = "<group>";
		};
		15503B1023C5F93D00F6E27A /* Main */ = {
			isa = PBXGroup;
			children = (
				15503B6C23C859D500F6E27A /* TabBarItemConfig.plist */,
				15503B1123C5FA2400F6E27A /* JHBTabBarViewController.swift */,
				15503B6523C8267A00F6E27A /* JHBNavgationViewController.swift */,
			);
			path = Main;
			sourceTree = "<group>";
		};
		15503B5623C8251500F6E27A /* Home */ = {
			isa = PBXGroup;
			children = (
				15503B5723C8256200F6E27A /* JHBHomeViewController.swift */,
			);
			path = Home;
			sourceTree = "<group>";
		};
		15503B5923C8256900F6E27A /* BaseClass */ = {
			isa = PBXGroup;
			children = (
				15503B5A23C8259500F6E27A /* JHBBaseViewController.swift */,
				1557D5CC245807EF00139171 /* UIViewController-JHBNav.swift */,
			);
			path = BaseClass;
			sourceTree = "<group>";
		};
		15503B5C23C825E500F6E27A /* Message */ = {
			isa = PBXGroup;
			children = (
				15503B5F23C8261300F6E27A /* JHBMessageViewController.swift */,
			);
			path = Message;
			sourceTree = "<group>";
		};
		15503B5D23C825F100F6E27A /* City */ = {
			isa = PBXGroup;
			children = (
				15503B6123C8262700F6E27A /* JHBCityViewController.swift */,
			);
			path = City;
			sourceTree = "<group>";
		};
		15503B5E23C825F900F6E27A /* Mine */ = {
			isa = PBXGroup;
			children = (
				15503B6323C8263500F6E27A /* JHBMineViewController.swift */,
			);
			path = Mine;
			sourceTree = "<group>";
		};
		15503B6723C8536200F6E27A /* Extensions */ = {
			isa = PBXGroup;
			children = (
				15503B6A23C8545600F6E27A /* NSObject-ClassFromStr.swift */,
			);
			path = Extensions;
			sourceTree = "<group>";
		};
		15503B6E23C85AF800F6E27A /* UtilsView */ = {
			isa = PBXGroup;
			children = (
				15503B7123C85B9C00F6E27A /* JHBNavView.swift */,
			);
			path = UtilsView;
			sourceTree = "<group>";
		};
		1557D59C2455A99400139171 /* CommonUI */ = {
			isa = PBXGroup;
			children = (
				1557D59D2455A9AF00139171 /* navView */,
			);
			path = CommonUI;
			sourceTree = "<group>";
		};
		1557D59D2455A9AF00139171 /* navView */ = {
			isa = PBXGroup;
			children = (
				1557D59E2455AA0700139171 /* JHBNavTitleBar.swift */,
			);
			path = navView;
			sourceTree = "<group>";
		};
		1557D5C52456F89900139171 /* Extension */ = {
			isa = PBXGroup;
			children = (
				1557D5C82456F95B00139171 /* UIFont-Extension.swift */,
				1557D5CA2457D48100139171 /* UIView-JHBSafeAreaInsets.swift */,
			);
			path = Extension;
			sourceTree = "<group>";
		};
		157E1457244DBFE0007B43FF /* Public */ = {
			isa = PBXGroup;
			children = (
				1557D5C52456F89900139171 /* Extension */,
				157E145A244DC04B007B43FF /* GlobalDefine.swift */,
			);
			path = Public;
			sourceTree = "<group>";
		};
		A237C515CCC40C2C83FA23DA /* Frameworks */ = {
			isa = PBXGroup;
			children = (
				9D9506CC4F4BA6B1E793BFC0 /* Pods_JHBSwift.framework */,
			);
			name = Frameworks;
			sourceTree = "<group>";
		};
		C2AF34C48CFB2663D337807B /* Pods */ = {
			isa = PBXGroup;
			children = (
				78DD299C319D5809C8DA8DB6 /* Pods-JHBSwift.debug.xcconfig */,
				514928F47763FC825A2BD8C9 /* Pods-JHBSwift.release.xcconfig */,
			);
			path = Pods;
			sourceTree = "<group>";
		};
/* End PBXGroup section */

/* Begin PBXNativeTarget section */
		15503ADC23C5F1EA00F6E27A /* JHBSwift */ = {
			isa = PBXNativeTarget;
			buildConfigurationList = 15503B0723C5F1EC00F6E27A /* Build configuration list for PBXNativeTarget "JHBSwift" */;
			buildPhases = (
				86FD1F85B798DAB1AFEC89F0 /* [CP] Check Pods Manifest.lock */,
				15503AD923C5F1EA00F6E27A /* Sources */,
				15503ADA23C5F1EA00F6E27A /* Frameworks */,
				15503ADB23C5F1EA00F6E27A /* Resources */,
				AC0163766DAB644B4F924EB2 /* [CP] Embed Pods Frameworks */,
			);
			buildRules = (
			);
			dependencies = (
			);
			name = JHBSwift;
			productName = JHBSwift;
			productReference = 15503ADD23C5F1EA00F6E27A /* JHBSwift.app */;
			productType = "com.apple.product-type.application";
		};
		15503AF223C5F1EC00F6E27A /* JHBSwiftTests */ = {
			isa = PBXNativeTarget;
			buildConfigurationList = 15503B0A23C5F1EC00F6E27A /* Build configuration list for PBXNativeTarget "JHBSwiftTests" */;
			buildPhases = (
				15503AEF23C5F1EC00F6E27A /* Sources */,
				15503AF023C5F1EC00F6E27A /* Frameworks */,
				15503AF123C5F1EC00F6E27A /* Resources */,
			);
			buildRules = (
			);
			dependencies = (
				15503AF523C5F1EC00F6E27A /* PBXTargetDependency */,
			);
			name = JHBSwiftTests;
			productName = JHBSwiftTests;
			productReference = 15503AF323C5F1EC00F6E27A /* JHBSwiftTests.xctest */;
			productType = "com.apple.product-type.bundle.unit-test";
		};
		15503AFD23C5F1EC00F6E27A /* JHBSwiftUITests */ = {
			isa = PBXNativeTarget;
			buildConfigurationList = 15503B0D23C5F1EC00F6E27A /* Build configuration list for PBXNativeTarget "JHBSwiftUITests" */;
			buildPhases = (
				15503AFA23C5F1EC00F6E27A /* Sources */,
				15503AFB23C5F1EC00F6E27A /* Frameworks */,
				15503AFC23C5F1EC00F6E27A /* Resources */,
			);
			buildRules = (
			);
			dependencies = (
				15503B0023C5F1EC00F6E27A /* PBXTargetDependency */,
			);
			name = JHBSwiftUITests;
			productName = JHBSwiftUITests;
			productReference = 15503AFE23C5F1EC00F6E27A /* JHBSwiftUITests.xctest */;
			productType = "com.apple.product-type.bundle.ui-testing";
		};
/* End PBXNativeTarget section */

/* Begin PBXProject section */
		15503AD523C5F1EA00F6E27A /* Project object */ = {
			isa = PBXProject;
			attributes = {
				LastSwiftUpdateCheck = 1120;
				LastUpgradeCheck = 1120;
				ORGANIZATIONNAME = jianghongbo;
				TargetAttributes = {
					15503ADC23C5F1EA00F6E27A = {
						CreatedOnToolsVersion = 11.2.1;
						LastSwiftMigration = 1120;
					};
					15503AF223C5F1EC00F6E27A = {
						CreatedOnToolsVersion = 11.2.1;
						TestTargetID = 15503ADC23C5F1EA00F6E27A;
					};
					15503AFD23C5F1EC00F6E27A = {
						CreatedOnToolsVersion = 11.2.1;
						TestTargetID = 15503ADC23C5F1EA00F6E27A;
					};
				};
			};
			buildConfigurationList = 15503AD823C5F1EA00F6E27A /* Build configuration list for PBXProject "JHBSwift" */;
			compatibilityVersion = "Xcode 9.3";
			developmentRegion = en;
			hasScannedForEncodings = 0;
			knownRegions = (
				en,
				Base,
			);
			mainGroup = 15503AD423C5F1EA00F6E27A;
			productRefGroup = 15503ADE23C5F1EA00F6E27A /* Products */;
			projectDirPath = "";
			projectRoot = "";
			targets = (
				15503ADC23C5F1EA00F6E27A /* JHBSwift */,
				15503AF223C5F1EC00F6E27A /* JHBSwiftTests */,
				15503AFD23C5F1EC00F6E27A /* JHBSwiftUITests */,
			);
		};
/* End PBXProject section */

/* Begin PBXResourcesBuildPhase section */
		15503ADB23C5F1EA00F6E27A /* Resources */ = {
			isa = PBXResourcesBuildPhase;
			buildActionMask = 2147483647;
			files = (
				15503AED23C5F1EC00F6E27A /* LaunchScreen.storyboard in Resources */,
				15503B6D23C859D600F6E27A /* TabBarItemConfig.plist in Resources */,
				15503AEA23C5F1EC00F6E27A /* Preview Assets.xcassets in Resources */,
				15503AE723C5F1EC00F6E27A /* Assets.xcassets in Resources */,
			);
			runOnlyForDeploymentPostprocessing = 0;
		};
		15503AF123C5F1EC00F6E27A /* Resources */ = {
			isa = PBXResourcesBuildPhase;
			buildActionMask = 2147483647;
			files = (
			);
			runOnlyForDeploymentPostprocessing = 0;
		};
		15503AFC23C5F1EC00F6E27A /* Resources */ = {
			isa = PBXResourcesBuildPhase;
			buildActionMask = 2147483647;
			files = (
			);
			runOnlyForDeploymentPostprocessing = 0;
		};
/* End PBXResourcesBuildPhase section */

/* Begin PBXShellScriptBuildPhase section */
		86FD1F85B798DAB1AFEC89F0 /* [CP] Check Pods Manifest.lock */ = {
			isa = PBXShellScriptBuildPhase;
			buildActionMask = 2147483647;
			files = (
			);
			inputFileListPaths = (
			);
			inputPaths = (
				"${PODS_PODFILE_DIR_PATH}/Podfile.lock",
				"${PODS_ROOT}/Manifest.lock",
			);
			name = "[CP] Check Pods Manifest.lock";
			outputFileListPaths = (
			);
			outputPaths = (
				"$(DERIVED_FILE_DIR)/Pods-JHBSwift-checkManifestLockResult.txt",
			);
			runOnlyForDeploymentPostprocessing = 0;
			shellPath = /bin/sh;
			shellScript = "diff \"${PODS_PODFILE_DIR_PATH}/Podfile.lock\" \"${PODS_ROOT}/Manifest.lock\" > /dev/null\nif [ $? != 0 ] ; then\n    # print error to STDERR\n    echo \"error: The sandbox is not in sync with the Podfile.lock. Run 'pod install' or update your CocoaPods installation.\" >&2\n    exit 1\nfi\n# This output is used by Xcode 'outputs' to avoid re-running this script phase.\necho \"SUCCESS\" > \"${SCRIPT_OUTPUT_FILE_0}\"\n";
			showEnvVarsInLog = 0;
		};
		AC0163766DAB644B4F924EB2 /* [CP] Embed Pods Frameworks */ = {
			isa = PBXShellScriptBuildPhase;
			buildActionMask = 2147483647;
			files = (
			);
			inputFileListPaths = (
				"${PODS_ROOT}/Target Support Files/Pods-JHBSwift/Pods-JHBSwift-frameworks-${CONFIGURATION}-input-files.xcfilelist",
			);
			name = "[CP] Embed Pods Frameworks";
			outputFileListPaths = (
				"${PODS_ROOT}/Target Support Files/Pods-JHBSwift/Pods-JHBSwift-frameworks-${CONFIGURATION}-output-files.xcfilelist",
			);
			runOnlyForDeploymentPostprocessing = 0;
			shellPath = /bin/sh;
			shellScript = "\"${PODS_ROOT}/Target Support Files/Pods-JHBSwift/Pods-JHBSwift-frameworks.sh\"\n";
			showEnvVarsInLog = 0;
		};
/* End PBXShellScriptBuildPhase section */

/* Begin PBXSourcesBuildPhase section */
		15503AD923C5F1EA00F6E27A /* Sources */ = {
			isa = PBXSourcesBuildPhase;
			buildActionMask = 2147483647;
			files = (
				15503B5B23C8259500F6E27A /* JHBBaseViewController.swift in Sources */,
				15503AE123C5F1EA00F6E27A /* AppDelegate.swift in Sources */,
				15503B6223C8262700F6E27A /* JHBCityViewController.swift in Sources */,
				15503B6023C8261300F6E27A /* JHBMessageViewController.swift in Sources */,
				1557D5C92456F95B00139171 /* UIFont-Extension.swift in Sources */,
				15503B6423C8263500F6E27A /* JHBMineViewController.swift in Sources */,
				15503AE323C5F1EA00F6E27A /* SceneDelegate.swift in Sources */,
				15503B6B23C8545600F6E27A /* NSObject-ClassFromStr.swift in Sources */,
				15503B7223C85B9C00F6E27A /* JHBNavView.swift in Sources */,
				1557D59F2455AA0700139171 /* JHBNavTitleBar.swift in Sources */,
				15503B6623C8267A00F6E27A /* JHBNavgationViewController.swift in Sources */,
				1557D5CD245807EF00139171 /* UIViewController-JHBNav.swift in Sources */,
				157E145B244DC04B007B43FF /* GlobalDefine.swift in Sources */,
				15503B1223C5FA2400F6E27A /* JHBTabBarViewController.swift in Sources */,
				1557D5CB2457D48100139171 /* UIView-JHBSafeAreaInsets.swift in Sources */,
				15503B5823C8256300F6E27A /* JHBHomeViewController.swift in Sources */,
			);
			runOnlyForDeploymentPostprocessing = 0;
		};
		15503AEF23C5F1EC00F6E27A /* Sources */ = {
			isa = PBXSourcesBuildPhase;
			buildActionMask = 2147483647;
			files = (
				15503AF823C5F1EC00F6E27A /* JHBSwiftTests.swift in Sources */,
			);
			runOnlyForDeploymentPostprocessing = 0;
		};
		15503AFA23C5F1EC00F6E27A /* Sources */ = {
			isa = PBXSourcesBuildPhase;
			buildActionMask = 2147483647;
			files = (
				15503B0323C5F1EC00F6E27A /* JHBSwiftUITests.swift in Sources */,
			);
			runOnlyForDeploymentPostprocessing = 0;
		};
/* End PBXSourcesBuildPhase section */

/* Begin PBXTargetDependency section */
		15503AF523C5F1EC00F6E27A /* PBXTargetDependency */ = {
			isa = PBXTargetDependency;
			target = 15503ADC23C5F1EA00F6E27A /* JHBSwift */;
			targetProxy = 15503AF423C5F1EC00F6E27A /* PBXContainerItemProxy */;
		};
		15503B0023C5F1EC00F6E27A /* PBXTargetDependency */ = {
			isa = PBXTargetDependency;
			target = 15503ADC23C5F1EA00F6E27A /* JHBSwift */;
			targetProxy = 15503AFF23C5F1EC00F6E27A /* PBXContainerItemProxy */;
		};
/* End PBXTargetDependency section */

/* Begin PBXVariantGroup section */
		15503AEB23C5F1EC00F6E27A /* LaunchScreen.storyboard */ = {
			isa = PBXVariantGroup;
			children = (
				15503AEC23C5F1EC00F6E27A /* Base */,
			);
			name = LaunchScreen.storyboard;
			sourceTree = "<group>";
		};
/* End PBXVariantGroup section */

/* Begin XCBuildConfiguration section */
		15503B0523C5F1EC00F6E27A /* Debug */ = {
			isa = XCBuildConfiguration;
			buildSettings = {
				ALWAYS_SEARCH_USER_PATHS = NO;
				CLANG_ANALYZER_NONNULL = YES;
				CLANG_ANALYZER_NUMBER_OBJECT_CONVERSION = YES_AGGRESSIVE;
				CLANG_CXX_LANGUAGE_STANDARD = "gnu++14";
				CLANG_CXX_LIBRARY = "libc++";
				CLANG_ENABLE_MODULES = YES;
				CLANG_ENABLE_OBJC_ARC = YES;
				CLANG_ENABLE_OBJC_WEAK = YES;
				CLANG_WARN_BLOCK_CAPTURE_AUTORELEASING = YES;
				CLANG_WARN_BOOL_CONVERSION = YES;
				CLANG_WARN_COMMA = YES;
				CLANG_WARN_CONSTANT_CONVERSION = YES;
				CLANG_WARN_DEPRECATED_OBJC_IMPLEMENTATIONS = YES;
				CLANG_WARN_DIRECT_OBJC_ISA_USAGE = YES_ERROR;
				CLANG_WARN_DOCUMENTATION_COMMENTS = YES;
				CLANG_WARN_EMPTY_BODY = YES;
				CLANG_WARN_ENUM_CONVERSION = YES;
				CLANG_WARN_INFINITE_RECURSION = YES;
				CLANG_WARN_INT_CONVERSION = YES;
				CLANG_WARN_NON_LITERAL_NULL_CONVERSION = YES;
				CLANG_WARN_OBJC_IMPLICIT_RETAIN_SELF = YES;
				CLANG_WARN_OBJC_LITERAL_CONVERSION = YES;
				CLANG_WARN_OBJC_ROOT_CLASS = YES_ERROR;
				CLANG_WARN_RANGE_LOOP_ANALYSIS = YES;
				CLANG_WARN_STRICT_PROTOTYPES = YES;
				CLANG_WARN_SUSPICIOUS_MOVE = YES;
				CLANG_WARN_UNGUARDED_AVAILABILITY = YES_AGGRESSIVE;
				CLANG_WARN_UNREACHABLE_CODE = YES;
				CLANG_WARN__DUPLICATE_METHOD_MATCH = YES;
				COPY_PHASE_STRIP = NO;
				DEBUG_INFORMATION_FORMAT = dwarf;
				ENABLE_STRICT_OBJC_MSGSEND = YES;
				ENABLE_TESTABILITY = YES;
				GCC_C_LANGUAGE_STANDARD = gnu11;
				GCC_DYNAMIC_NO_PIC = NO;
				GCC_NO_COMMON_BLOCKS = YES;
				GCC_OPTIMIZATION_LEVEL = 0;
				GCC_PREPROCESSOR_DEFINITIONS = (
					"DEBUG=1",
					"$(inherited)",
				);
				GCC_WARN_64_TO_32_BIT_CONVERSION = YES;
				GCC_WARN_ABOUT_RETURN_TYPE = YES_ERROR;
				GCC_WARN_UNDECLARED_SELECTOR = YES;
				GCC_WARN_UNINITIALIZED_AUTOS = YES_AGGRESSIVE;
				GCC_WARN_UNUSED_FUNCTION = YES;
				GCC_WARN_UNUSED_VARIABLE = YES;
				IPHONEOS_DEPLOYMENT_TARGET = 13.2;
				MTL_ENABLE_DEBUG_INFO = INCLUDE_SOURCE;
				MTL_FAST_MATH = YES;
				ONLY_ACTIVE_ARCH = YES;
				SDKROOT = iphoneos;
				SWIFT_ACTIVE_COMPILATION_CONDITIONS = DEBUG;
				SWIFT_OPTIMIZATION_LEVEL = "-Onone";
			};
			name = Debug;
		};
		15503B0623C5F1EC00F6E27A /* Release */ = {
			isa = XCBuildConfiguration;
			buildSettings = {
				ALWAYS_SEARCH_USER_PATHS = NO;
				CLANG_ANALYZER_NONNULL = YES;
				CLANG_ANALYZER_NUMBER_OBJECT_CONVERSION = YES_AGGRESSIVE;
				CLANG_CXX_LANGUAGE_STANDARD = "gnu++14";
				CLANG_CXX_LIBRARY = "libc++";
				CLANG_ENABLE_MODULES = YES;
				CLANG_ENABLE_OBJC_ARC = YES;
				CLANG_ENABLE_OBJC_WEAK = YES;
				CLANG_WARN_BLOCK_CAPTURE_AUTORELEASING = YES;
				CLANG_WARN_BOOL_CONVERSION = YES;
				CLANG_WARN_COMMA = YES;
				CLANG_WARN_CONSTANT_CONVERSION = YES;
				CLANG_WARN_DEPRECATED_OBJC_IMPLEMENTATIONS = YES;
				CLANG_WARN_DIRECT_OBJC_ISA_USAGE = YES_ERROR;
				CLANG_WARN_DOCUMENTATION_COMMENTS = YES;
				CLANG_WARN_EMPTY_BODY = YES;
				CLANG_WARN_ENUM_CONVERSION = YES;
				CLANG_WARN_INFINITE_RECURSION = YES;
				CLANG_WARN_INT_CONVERSION = YES;
				CLANG_WARN_NON_LITERAL_NULL_CONVERSION = YES;
				CLANG_WARN_OBJC_IMPLICIT_RETAIN_SELF = YES;
				CLANG_WARN_OBJC_LITERAL_CONVERSION = YES;
				CLANG_WARN_OBJC_ROOT_CLASS = YES_ERROR;
				CLANG_WARN_RANGE_LOOP_ANALYSIS = YES;
				CLANG_WARN_STRICT_PROTOTYPES = YES;
				CLANG_WARN_SUSPICIOUS_MOVE = YES;
				CLANG_WARN_UNGUARDED_AVAILABILITY = YES_AGGRESSIVE;
				CLANG_WARN_UNREACHABLE_CODE = YES;
				CLANG_WARN__DUPLICATE_METHOD_MATCH = YES;
				COPY_PHASE_STRIP = NO;
				DEBUG_INFORMATION_FORMAT = "dwarf-with-dsym";
				ENABLE_NS_ASSERTIONS = NO;
				ENABLE_STRICT_OBJC_MSGSEND = YES;
				GCC_C_LANGUAGE_STANDARD = gnu11;
				GCC_NO_COMMON_BLOCKS = YES;
				GCC_WARN_64_TO_32_BIT_CONVERSION = YES;
				GCC_WARN_ABOUT_RETURN_TYPE = YES_ERROR;
				GCC_WARN_UNDECLARED_SELECTOR = YES;
				GCC_WARN_UNINITIALIZED_AUTOS = YES_AGGRESSIVE;
				GCC_WARN_UNUSED_FUNCTION = YES;
				GCC_WARN_UNUSED_VARIABLE = YES;
				IPHONEOS_DEPLOYMENT_TARGET = 13.2;
				MTL_ENABLE_DEBUG_INFO = NO;
				MTL_FAST_MATH = YES;
				SDKROOT = iphoneos;
				SWIFT_COMPILATION_MODE = wholemodule;
				SWIFT_OPTIMIZATION_LEVEL = "-O";
				VALIDATE_PRODUCT = YES;
			};
			name = Release;
		};
		15503B0823C5F1EC00F6E27A /* Debug */ = {
			isa = XCBuildConfiguration;
			baseConfigurationReference = 78DD299C319D5809C8DA8DB6 /* Pods-JHBSwift.debug.xcconfig */;
			buildSettings = {
				ASSETCATALOG_COMPILER_APPICON_NAME = AppIcon;
				CLANG_ENABLE_MODULES = YES;
				CODE_SIGN_STYLE = Automatic;
				DEVELOPMENT_ASSET_PATHS = "\"JHBSwift/Preview Content\"";
				ENABLE_PREVIEWS = YES;
				INFOPLIST_FILE = JHBSwift/Info.plist;
				LD_RUNPATH_SEARCH_PATHS = (
					"$(inherited)",
					"@executable_path/Frameworks",
				);
				PRODUCT_BUNDLE_IDENTIFIER = jhb.JHBSwift;
				PRODUCT_NAME = "$(TARGET_NAME)";
				SWIFT_OBJC_BRIDGING_HEADER = "";
				SWIFT_OPTIMIZATION_LEVEL = "-Onone";
				SWIFT_VERSION = 5.0;
				TARGETED_DEVICE_FAMILY = "1,2";
			};
			name = Debug;
		};
		15503B0923C5F1EC00F6E27A /* Release */ = {
			isa = XCBuildConfiguration;
			baseConfigurationReference = 514928F47763FC825A2BD8C9 /* Pods-JHBSwift.release.xcconfig */;
			buildSettings = {
				ASSETCATALOG_COMPILER_APPICON_NAME = AppIcon;
				CLANG_ENABLE_MODULES = YES;
				CODE_SIGN_STYLE = Automatic;
				DEVELOPMENT_ASSET_PATHS = "\"JHBSwift/Preview Content\"";
				ENABLE_PREVIEWS = YES;
				INFOPLIST_FILE = JHBSwift/Info.plist;
				LD_RUNPATH_SEARCH_PATHS = (
					"$(inherited)",
					"@executable_path/Frameworks",
				);
				PRODUCT_BUNDLE_IDENTIFIER = jhb.JHBSwift;
				PRODUCT_NAME = "$(TARGET_NAME)";
				SWIFT_OBJC_BRIDGING_HEADER = "";
				SWIFT_VERSION = 5.0;
				TARGETED_DEVICE_FAMILY = "1,2";
			};
			name = Release;
		};
		15503B0B23C5F1EC00F6E27A /* Debug */ = {
			isa = XCBuildConfiguration;
			buildSettings = {
				ALWAYS_EMBED_SWIFT_STANDARD_LIBRARIES = YES;
				BUNDLE_LOADER = "$(TEST_HOST)";
				CODE_SIGN_STYLE = Automatic;
				INFOPLIST_FILE = JHBSwiftTests/Info.plist;
				IPHONEOS_DEPLOYMENT_TARGET = 13.2;
				LD_RUNPATH_SEARCH_PATHS = (
					"$(inherited)",
					"@executable_path/Frameworks",
					"@loader_path/Frameworks",
				);
				PRODUCT_BUNDLE_IDENTIFIER = jhb.JHBSwiftTests;
				PRODUCT_NAME = "$(TARGET_NAME)";
				SWIFT_VERSION = 5.0;
				TARGETED_DEVICE_FAMILY = "1,2";
				TEST_HOST = "$(BUILT_PRODUCTS_DIR)/JHBSwift.app/JHBSwift";
			};
			name = Debug;
		};
		15503B0C23C5F1EC00F6E27A /* Release */ = {
			isa = XCBuildConfiguration;
			buildSettings = {
				ALWAYS_EMBED_SWIFT_STANDARD_LIBRARIES = YES;
				BUNDLE_LOADER = "$(TEST_HOST)";
				CODE_SIGN_STYLE = Automatic;
				INFOPLIST_FILE = JHBSwiftTests/Info.plist;
				IPHONEOS_DEPLOYMENT_TARGET = 13.2;
				LD_RUNPATH_SEARCH_PATHS = (
					"$(inherited)",
					"@executable_path/Frameworks",
					"@loader_path/Frameworks",
				);
				PRODUCT_BUNDLE_IDENTIFIER = jhb.JHBSwiftTests;
				PRODUCT_NAME = "$(TARGET_NAME)";
				SWIFT_VERSION = 5.0;
				TARGETED_DEVICE_FAMILY = "1,2";
				TEST_HOST = "$(BUILT_PRODUCTS_DIR)/JHBSwift.app/JHBSwift";
			};
			name = Release;
		};
		15503B0E23C5F1EC00F6E27A /* Debug */ = {
			isa = XCBuildConfiguration;
			buildSettings = {
				ALWAYS_EMBED_SWIFT_STANDARD_LIBRARIES = YES;
				CODE_SIGN_STYLE = Automatic;
				INFOPLIST_FILE = JHBSwiftUITests/Info.plist;
				LD_RUNPATH_SEARCH_PATHS = (
					"$(inherited)",
					"@executable_path/Frameworks",
					"@loader_path/Frameworks",
				);
				PRODUCT_BUNDLE_IDENTIFIER = jhb.JHBSwiftUITests;
				PRODUCT_NAME = "$(TARGET_NAME)";
				SWIFT_VERSION = 5.0;
				TARGETED_DEVICE_FAMILY = "1,2";
				TEST_TARGET_NAME = JHBSwift;
			};
			name = Debug;
		};
		15503B0F23C5F1EC00F6E27A /* Release */ = {
			isa = XCBuildConfiguration;
			buildSettings = {
				ALWAYS_EMBED_SWIFT_STANDARD_LIBRARIES = YES;
				CODE_SIGN_STYLE = Automatic;
				INFOPLIST_FILE = JHBSwiftUITests/Info.plist;
				LD_RUNPATH_SEARCH_PATHS = (
					"$(inherited)",
					"@executable_path/Frameworks",
					"@loader_path/Frameworks",
				);
				PRODUCT_BUNDLE_IDENTIFIER = jhb.JHBSwiftUITests;
				PRODUCT_NAME = "$(TARGET_NAME)";
				SWIFT_VERSION = 5.0;
				TARGETED_DEVICE_FAMILY = "1,2";
				TEST_TARGET_NAME = JHBSwift;
			};
			name = Release;
		};
/* End XCBuildConfiguration section */

/* Begin XCConfigurationList section */
		15503AD823C5F1EA00F6E27A /* Build configuration list for PBXProject "JHBSwift" */ = {
			isa = XCConfigurationList;
			buildConfigurations = (
				15503B0523C5F1EC00F6E27A /* Debug */,
				15503B0623C5F1EC00F6E27A /* Release */,
			);
			defaultConfigurationIsVisible = 0;
			defaultConfigurationName = Release;
		};
		15503B0723C5F1EC00F6E27A /* Build configuration list for PBXNativeTarget "JHBSwift" */ = {
			isa = XCConfigurationList;
			buildConfigurations = (
				15503B0823C5F1EC00F6E27A /* Debug */,
				15503B0923C5F1EC00F6E27A /* Release */,
			);
			defaultConfigurationIsVisible = 0;
			defaultConfigurationName = Release;
		};
		15503B0A23C5F1EC00F6E27A /* Build configuration list for PBXNativeTarget "JHBSwiftTests" */ = {
			isa = XCConfigurationList;
			buildConfigurations = (
				15503B0B23C5F1EC00F6E27A /* Debug */,
				15503B0C23C5F1EC00F6E27A /* Release */,
			);
			defaultConfigurationIsVisible = 0;
			defaultConfigurationName = Release;
		};
		15503B0D23C5F1EC00F6E27A /* Build configuration list for PBXNativeTarget "JHBSwiftUITests" */ = {
			isa = XCConfigurationList;
			buildConfigurations = (
				15503B0E23C5F1EC00F6E27A /* Debug */,
				15503B0F23C5F1EC00F6E27A /* Release */,
			);
			defaultConfigurationIsVisible = 0;
			defaultConfigurationName = Release;
		};
/* End XCConfigurationList section */
	};
	rootObject = 15503AD523C5F1EA00F6E27A /* Project object */;
}
